// !$*UTF8*$!
{
	archiveVersion = 1;
	classes = {
	};
	objectVersion = 48;
	objects = {

/* Begin PBXBuildFile section */
		EC7755241FB8497900E1D0A0 /* AppDelegate.swift in Sources */ = {isa = PBXBuildFile; fileRef = EC7755231FB8497900E1D0A0 /* AppDelegate.swift */; };
		EC7755261FB8497900E1D0A0 /* ViewController.swift in Sources */ = {isa = PBXBuildFile; fileRef = EC7755251FB8497900E1D0A0 /* ViewController.swift */; };
		EC7755291FB8497900E1D0A0 /* Main.storyboard in Resources */ = {isa = PBXBuildFile; fileRef = EC7755271FB8497900E1D0A0 /* Main.storyboard */; };
		EC77552B1FB8497900E1D0A0 /* Assets.xcassets in Resources */ = {isa = PBXBuildFile; fileRef = EC77552A1FB8497900E1D0A0 /* Assets.xcassets */; };
		EC77552E1FB8497900E1D0A0 /* LaunchScreen.storyboard in Resources */ = {isa = PBXBuildFile; fileRef = EC77552C1FB8497900E1D0A0 /* LaunchScreen.storyboard */; };
/* End PBXBuildFile section */

/* Begin PBXFileReference section */
		EC7755201FB8497900E1D0A0 /* YiCHi_Alpha.app */ = {isa = PBXFileReference; explicitFileType = wrapper.application; includeInIndex = 0; path = YiCHi_Alpha.app; sourceTree = BUILT_PRODUCTS_DIR; };
		EC7755231FB8497900E1D0A0 /* AppDelegate.swift */ = {isa = PBXFileReference; lastKnownFileType = sourcecode.swift; path = AppDelegate.swift; sourceTree = "<group>"; };
		EC7755251FB8497900E1D0A0 /* ViewController.swift */ = {isa = PBXFileReference; lastKnownFileType = sourcecode.swift; path = ViewController.swift; sourceTree = "<group>"; };
		EC7755281FB8497900E1D0A0 /* Base */ = {isa = PBXFileReference; lastKnownFileType = file.storyboard; name = Base; path = Base.lproj/Main.storyboard; sourceTree = "<group>"; };
		EC77552A1FB8497900E1D0A0 /* Assets.xcassets */ = {isa = PBXFileReference; lastKnownFileType = folder.assetcatalog; path = Assets.xcassets; sourceTree = "<group>"; };
		EC77552D1FB8497900E1D0A0 /* Base */ = {isa = PBXFileReference; lastKnownFileType = file.storyboard; name = Base; path = Base.lproj/LaunchScreen.storyboard; sourceTree = "<group>"; };
		EC77552F1FB8497900E1D0A0 /* Info.plist */ = {isa = PBXFileReference; lastKnownFileType = text.plist.xml; path = Info.plist; sourceTree = "<group>"; };
/* End PBXFileReference section */

/* Begin PBXFrameworksBuildPhase section */
		EC77551D1FB8497900E1D0A0 /* Frameworks */ = {
			isa = PBXFrameworksBuildPhase;
			buildActionMask = 2147483647;
			files = (
			);
			runOnlyForDeploymentPostprocessing = 0;
		};
/* End PBXFrameworksBuildPhase section */

/* Begin PBXGroup section */
		EC7755171FB8497900E1D0A0 = {
			isa = PBXGroup;
			children = (
				EC7755221FB8497900E1D0A0 /* YiCHi_Alpha */,
				EC7755211FB8497900E1D0A0 /* Products */,
			);
			sourceTree = "<group>";
		};
		EC7755211FB8497900E1D0A0 /* Products */ = {
			isa = PBXGroup;
			children = (
				EC7755201FB8497900E1D0A0 /* YiCHi_Alpha.app */,
			);
			name = Products;
			sourceTree = "<group>";
		};
		EC7755221FB8497900E1D0A0 /* YiCHi_Alpha */ = {
			isa = PBXGroup;
			children = (
				EC7755231FB8497900E1D0A0 /* AppDelegate.swift */,
				EC7755251FB8497900E1D0A0 /* ViewController.swift */,
				EC7755271FB8497900E1D0A0 /* Main.storyboard */,
				EC77552A1FB8497900E1D0A0 /* Assets.xcassets */,
				EC77552C1FB8497900E1D0A0 /* LaunchScreen.storyboard */,
				EC77552F1FB8497900E1D0A0 /* Info.plist */,
			);
			path = YiCHi_Alpha;
			sourceTree = "<group>";
		};
/* End PBXGroup section */

/* Begin PBXNativeTarget section */
		EC77551F1FB8497900E1D0A0 /* YiCHi_Alpha */ = {
			isa = PBXNativeTarget;
			buildConfigurationList = EC7755321FB8497900E1D0A0 /* Build configuration list for PBXNativeTarget "YiCHi_Alpha" */;
			buildPhases = (
				EC77551C1FB8497900E1D0A0 /* Sources */,
				EC77551D1FB8497900E1D0A0 /* Frameworks */,
				EC77551E1FB8497900E1D0A0 /* Resources */,
			);
			buildRules = (
			);
			dependencies = (
			);
			name = YiCHi_Alpha;
			productName = YiCHi_Alpha;
			productReference = EC7755201FB8497900E1D0A0 /* YiCHi_Alpha.app */;
			productType = "com.apple.product-type.application";
		};
/* End PBXNativeTarget section */

/* Begin PBXProject section */
		EC7755181FB8497900E1D0A0 /* Project object */ = {
			isa = PBXProject;
			attributes = {
				LastSwiftUpdateCheck = 0910;
				LastUpgradeCheck = 0910;
				ORGANIZATIONNAME = YiQiFaner;
				TargetAttributes = {
					EC77551F1FB8497900E1D0A0 = {
						CreatedOnToolsVersion = 9.1;
						ProvisioningStyle = Automatic;
					};
				};
			};
			buildConfigurationList = EC77551B1FB8497900E1D0A0 /* Build configuration list for PBXProject "YiCHi_Alpha" */;
			compatibilityVersion = "Xcode 8.0";
			developmentRegion = en;
			hasScannedForEncodings = 0;
			knownRegions = (
				en,
				Base,
			);
			mainGroup = EC7755171FB8497900E1D0A0;
			productRefGroup = EC7755211FB8497900E1D0A0 /* Products */;
			projectDirPath = "";
			projectRoot = "";
			targets = (
				EC77551F1FB8497900E1D0A0 /* YiCHi_Alpha */,
			);
		};
/* End PBXProject section */

/* Begin PBXResourcesBuildPhase section */
		EC77551E1FB8497900E1D0A0 /* Resources */ = {
			isa = PBXResourcesBuildPhase;
			buildActionMask = 2147483647;
			files = (
				EC77552E1FB8497900E1D0A0 /* LaunchScreen.storyboard in Resources */,
				EC77552B1FB8497900E1D0A0 /* Assets.xcassets in Resources */,
				EC7755291FB8497900E1D0A0 /* Main.storyboard in Resources */,
			);
			runOnlyForDeploymentPostprocessing = 0;
		};
/* End PBXResourcesBuildPhase section */

/* Begin PBXSourcesBuildPhase section */
		EC77551C1FB8497900E1D0A0 /* Sources */ = {
			isa = PBXSourcesBuildPhase;
			buildActionMask = 2147483647;
			files = (
				EC7755261FB8497900E1D0A0 /* ViewController.swift in Sources */,
				EC7755241FB8497900E1D0A0 /* AppDelegate.swift in Sources */,
			);
			runOnlyForDeploymentPostprocessing = 0;
		};
/* End PBXSourcesBuildPhase section */

/* Begin PBXVariantGroup section */
		EC7755271FB8497900E1D0A0 /* Main.storyboard */ = {
			isa = PBXVariantGroup;
			children = (
				EC7755281FB8497900E1D0A0 /* Base */,
			);
			name = Main.storyboard;
			sourceTree = "<group>";
		};
		EC77552C1FB8497900E1D0A0 /* LaunchScreen.storyboard */ = {
			isa = PBXVariantGroup;
			children = (
				EC77552D1FB8497900E1D0A0 /* Base */,
			);
			name = LaunchScreen.storyboard;
			sourceTree = "<group>";
		};
/* End PBXVariantGroup section */

/* Begin XCBuildConfiguration section */
		EC7755301FB8497900E1D0A0 /* Debug */ = {
			isa = XCBuildConfiguration;
			buildSettings = {
				ALWAYS_SEARCH_USER_PATHS = NO;
				CLANG_ANALYZER_NONNULL = YES;
				CLANG_ANALYZER_NUMBER_OBJECT_CONVERSION = YES_AGGRESSIVE;
				CLANG_CXX_LANGUAGE_STANDARD = "gnu++14";
				CLANG_CXX_LIBRARY = "libc++";
				CLANG_ENABLE_MODULES = YES;
				CLANG_ENABLE_OBJC_ARC = YES;
				CLANG_WARN_BLOCK_CAPTURE_AUTORELEASING = YES;
				CLANG_WARN_BOOL_CONVERSION = YES;
				CLANG_WARN_COMMA = YES;
				CLANG_WARN_CONSTANT_CONVERSION = YES;
				CLANG_WARN_DIRECT_OBJC_ISA_USAGE = YES_ERROR;
				CLANG_WARN_DOCUMENTATION_COMMENTS = YES;
				CLANG_WARN_EMPTY_BODY = YES;
				CLANG_WARN_ENUM_CONVERSION = YES;
				CLANG_WARN_INFINITE_RECURSION = YES;
				CLANG_WARN_INT_CONVERSION = YES;
				CLANG_WARN_NON_LITERAL_NULL_CONVERSION = YES;
				CLANG_WARN_OBJC_LITERAL_CONVERSION = YES;
				CLANG_WARN_OBJC_ROOT_CLASS = YES_ERROR;
				CLANG_WARN_RANGE_LOOP_ANALYSIS = YES;
				CLANG_WARN_STRICT_PROTOTYPES = YES;
				CLANG_WARN_SUSPICIOUS_MOVE = YES;
				CLANG_WARN_UNGUARDED_AVAILABILITY = YES_AGGRESSIVE;
				CLANG_WARN_UNREACHABLE_CODE = YES;
				CLANG_WARN__DUPLICATE_METHOD_MATCH = YES;
				CODE_SIGN_IDENTITY = "iPhone Developer";
				COPY_PHASE_STRIP = NO;
				DEBUG_INFORMATION_FORMAT = dwarf;
				ENABLE_STRICT_OBJC_MSGSEND = YES;
				ENABLE_TESTABILITY = YES;
				GCC_C_LANGUAGE_STANDARD = gnu11;
				GCC_DYNAMIC_NO_PIC = NO;
				GCC_NO_COMMON_BLOCKS = YES;
				GCC_OPTIMIZATION_LEVEL = 0;
				GCC_PREPROCESSOR_DEFINITIONS = (
					"DEBUG=1",
					"$(inherited)",
				);
				GCC_WARN_64_TO_32_BIT_CONVERSION = YES;
				GCC_WARN_ABOUT_RETURN_TYPE = YES_ERROR;
				GCC_WARN_UNDECLARED_SELECTOR = YES;
				GCC_WARN_UNINITIALIZED_AUTOS = YES_AGGRESSIVE;
				GCC_WARN_UNUSED_FUNCTION = YES;
				GCC_WARN_UNUSED_VARIABLE = YES;
				IPHONEOS_DEPLOYMENT_TARGET = 11.1;
				MTL_ENABLE_DEBUG_INFO = YES;
				ONLY_ACTIVE_ARCH = YES;
				SDKROOT = iphoneos;
				SWIFT_ACTIVE_COMPILATION_CONDITIONS = DEBUG;
				SWIFT_OPTIMIZATION_LEVEL = "-Onone";
			};
			name = Debug;
		};
		EC7755311FB8497900E1D0A0 /* Release */ = {
			isa = XCBuildConfiguration;
			buildSettings = {
				ALWAYS_SEARCH_USER_PATHS = NO;
				CLANG_ANALYZER_NONNULL = YES;
				CLANG_ANALYZER_NUMBER_OBJECT_CONVERSION = YES_AGGRESSIVE;
				CLANG_CXX_LANGUAGE_STANDARD = "gnu++14";
				CLANG_CXX_LIBRARY = "libc++";
				CLANG_ENABLE_MODULES = YES;
				CLANG_ENABLE_OBJC_ARC = YES;
				CLANG_WARN_BLOCK_CAPTURE_AUTORELEASING = YES;
				CLANG_WARN_BOOL_CONVERSION = YES;
				CLANG_WARN_COMMA = YES;
				CLANG_WARN_CONSTANT_CONVERSION = YES;
				CLANG_WARN_DIRECT_OBJC_ISA_USAGE = YES_ERROR;
				CLANG_WARN_DOCUMENTATION_COMMENTS = YES;
				CLANG_WARN_EMPTY_BODY = YES;
				CLANG_WARN_ENUM_CONVERSION = YES;
				CLANG_WARN_INFINITE_RECURSION = YES;
				CLANG_WARN_INT_CONVERSION = YES;
				CLANG_WARN_NON_LITERAL_NULL_CONVERSION = YES;
				CLANG_WARN_OBJC_LITERAL_CONVERSION = YES;
				CLANG_WARN_OBJC_ROOT_CLASS = YES_ERROR;
				CLANG_WARN_RANGE_LOOP_ANALYSIS = YES;
				CLANG_WARN_STRICT_PROTOTYPES = YES;
				CLANG_WARN_SUSPICIOUS_MOVE = YES;
				CLANG_WARN_UNGUARDED_AVAILABILITY = YES_AGGRESSIVE;
				CLANG_WARN_UNREACHABLE_CODE = YES;
				CLANG_WARN__DUPLICATE_METHOD_MATCH = YES;
				CODE_SIGN_IDENTITY = "iPhone Developer";
				COPY_PHASE_STRIP = NO;
				DEBUG_INFORMATION_FORMAT = "dwarf-with-dsym";
				ENABLE_NS_ASSERTIONS = NO;
				ENABLE_STRICT_OBJC_MSGSEND = YES;
				GCC_C_LANGUAGE_STANDARD = gnu11;
				GCC_NO_COMMON_BLOCKS = YES;
				GCC_WARN_64_TO_32_BIT_CONVERSION = YES;
				GCC_WARN_ABOUT_RETURN_TYPE = YES_ERROR;
				GCC_WARN_UNDECLARED_SELECTOR = YES;
				GCC_WARN_UNINITIALIZED_AUTOS = YES_AGGRESSIVE;
				GCC_WARN_UNUSED_FUNCTION = YES;
				GCC_WARN_UNUSED_VARIABLE = YES;
				IPHONEOS_DEPLOYMENT_TARGET = 11.1;
				MTL_ENABLE_DEBUG_INFO = NO;
				SDKROOT = iphoneos;
				SWIFT_OPTIMIZATION_LEVEL = "-Owholemodule";
				VALIDATE_PRODUCT = YES;
			};
			name = Release;
		};
		EC7755331FB8497900E1D0A0 /* Debug */ = {
			isa = XCBuildConfiguration;
			buildSettings = {
				ASSETCATALOG_COMPILER_APPICON_NAME = AppIcon;
				CODE_SIGN_STYLE = Automatic;
				DEVELOPMENT_TEAM = W52F839DPH;
				INFOPLIST_FILE = YiCHi_Alpha/Info.plist;
				LD_RUNPATH_SEARCH_PATHS = "$(inherited) @executable_path/Frameworks";
				PRODUCT_BUNDLE_IDENTIFIER = "YiQiFaner.YiCHi-Alpha";
				PRODUCT_NAME = "$(TARGET_NAME)";
				SWIFT_VERSION = 4.0;
				TARGETED_DEVICE_FAMILY = "1,2";
			};
			name = Debug;
		};
		EC7755341FB8497900E1D0A0 /* Release */ = {
			isa = XCBuildConfiguration;
			buildSettings = {
				ASSETCATALOG_COMPILER_APPICON_NAME = AppIcon;
				CODE_SIGN_STYLE = Automatic;
				DEVELOPMENT_TEAM = W52F839DPH;
				INFOPLIST_FILE = YiCHi_Alpha/Info.plist;
				LD_RUNPATH_SEARCH_PATHS = "$(inherited) @executable_path/Frameworks";
				PRODUCT_BUNDLE_IDENTIFIER = "YiQiFaner.YiCHi-Alpha";
				PRODUCT_NAME = "$(TARGET_NAME)";
				SWIFT_VERSION = 4.0;
				TARGETED_DEVICE_FAMILY = "1,2";
			};
			name = Release;
		};
/* End XCBuildConfiguration section */

/* Begin XCConfigurationList section */
		EC77551B1FB8497900E1D0A0 /* Build configuration list for PBXProject "YiCHi_Alpha" */ = {
			isa = XCConfigurationList;
			buildConfigurations = (
				EC7755301FB8497900E1D0A0 /* Debug */,
				EC7755311FB8497900E1D0A0 /* Release */,
			);
			defaultConfigurationIsVisible = 0;
			defaultConfigurationName = Release;
		};
		EC7755321FB8497900E1D0A0 /* Build configuration list for PBXNativeTarget "YiCHi_Alpha" */ = {
			isa = XCConfigurationList;
			buildConfigurations = (
				EC7755331FB8497900E1D0A0 /* Debug */,
				EC7755341FB8497900E1D0A0 /* Release */,
			);
			defaultConfigurationIsVisible = 0;
			defaultConfigurationName = Release;
		};
/* End XCConfigurationList section */
	};
	rootObject = EC7755181FB8497900E1D0A0 /* Project object */;
}
